// !$*UTF8*$!
{
	archiveVersion = 1;
	classes = {
	};
	objectVersion = 55;
	objects = {

/* Begin PBXBuildFile section */
		F129C633280E938200EA7581 /* LocalState.swift in Sources */ = {isa = PBXBuildFile; fileRef = F129C632280E938200EA7581 /* LocalState.swift */; };
		F129C635280E93A200EA7581 /* DummyViewController.swift in Sources */ = {isa = PBXBuildFile; fileRef = F129C634280E93A200EA7581 /* DummyViewController.swift */; };
		F129C637280E9DAE00EA7581 /* UIViewController+Utils.swift in Sources */ = {isa = PBXBuildFile; fileRef = F129C636280E9DAE00EA7581 /* UIViewController+Utils.swift */; };
		F129C639280E9FDF00EA7581 /* MainViewController.swift in Sources */ = {isa = PBXBuildFile; fileRef = F129C638280E9FDF00EA7581 /* MainViewController.swift */; };
		F129C63C280EC4B400EA7581 /* AccountSummaryViewController.swift in Sources */ = {isa = PBXBuildFile; fileRef = F129C63B280EC4B400EA7581 /* AccountSummaryViewController.swift */; };
		F129C63E280ECC3F00EA7581 /* AccountSummaryHeaderView.swift in Sources */ = {isa = PBXBuildFile; fileRef = F129C63D280ECC3F00EA7581 /* AccountSummaryHeaderView.swift */; };
		F13213CD280D4A890082D7F0 /* OnBoardingContainerViewController.swift in Sources */ = {isa = PBXBuildFile; fileRef = F13213CC280D4A890082D7F0 /* OnBoardingContainerViewController.swift */; };
		F13213CF280D51CB0082D7F0 /* OnboardingViewController.swift in Sources */ = {isa = PBXBuildFile; fileRef = F13213CE280D51CB0082D7F0 /* OnboardingViewController.swift */; };
		F16071BC280954FC0040C219 /* AppDelegate.swift in Sources */ = {isa = PBXBuildFile; fileRef = F16071BB280954FC0040C219 /* AppDelegate.swift */; };
		F16071C0280954FC0040C219 /* LoginViewController.swift in Sources */ = {isa = PBXBuildFile; fileRef = F16071BF280954FC0040C219 /* LoginViewController.swift */; };
		F16071C5280954FE0040C219 /* Assets.xcassets in Resources */ = {isa = PBXBuildFile; fileRef = F16071C4280954FE0040C219 /* Assets.xcassets */; };
		F16071C8280954FE0040C219 /* LaunchScreen.storyboard in Resources */ = {isa = PBXBuildFile; fileRef = F16071C6280954FE0040C219 /* LaunchScreen.storyboard */; };
		F16071D3280958FF0040C219 /* LoginView.swift in Sources */ = {isa = PBXBuildFile; fileRef = F16071D2280958FF0040C219 /* LoginView.swift */; };
		F1DC7DB2280ED10A0055B9FE /* AccountSummaryHeaderView.xib in Resources */ = {isa = PBXBuildFile; fileRef = F1DC7DB1280ED10A0055B9FE /* AccountSummaryHeaderView.xib */; };
/* End PBXBuildFile section */

/* Begin PBXFileReference section */
		F129C632280E938200EA7581 /* LocalState.swift */ = {isa = PBXFileReference; lastKnownFileType = sourcecode.swift; path = LocalState.swift; sourceTree = "<group>"; };
		F129C634280E93A200EA7581 /* DummyViewController.swift */ = {isa = PBXFileReference; lastKnownFileType = sourcecode.swift; path = DummyViewController.swift; sourceTree = "<group>"; };
		F129C636280E9DAE00EA7581 /* UIViewController+Utils.swift */ = {isa = PBXFileReference; lastKnownFileType = sourcecode.swift; path = "UIViewController+Utils.swift"; sourceTree = "<group>"; };
		F129C638280E9FDF00EA7581 /* MainViewController.swift */ = {isa = PBXFileReference; lastKnownFileType = sourcecode.swift; path = MainViewController.swift; sourceTree = "<group>"; };
		F129C63B280EC4B400EA7581 /* AccountSummaryViewController.swift */ = {isa = PBXFileReference; lastKnownFileType = sourcecode.swift; path = AccountSummaryViewController.swift; sourceTree = "<group>"; };
		F129C63D280ECC3F00EA7581 /* AccountSummaryHeaderView.swift */ = {isa = PBXFileReference; lastKnownFileType = sourcecode.swift; path = AccountSummaryHeaderView.swift; sourceTree = "<group>"; };
		F13213CC280D4A890082D7F0 /* OnBoardingContainerViewController.swift */ = {isa = PBXFileReference; lastKnownFileType = sourcecode.swift; path = OnBoardingContainerViewController.swift; sourceTree = "<group>"; };
		F13213CE280D51CB0082D7F0 /* OnboardingViewController.swift */ = {isa = PBXFileReference; lastKnownFileType = sourcecode.swift; path = OnboardingViewController.swift; sourceTree = "<group>"; };
		F16071B8280954FC0040C219 /* Bankey.app */ = {isa = PBXFileReference; explicitFileType = wrapper.application; includeInIndex = 0; path = Bankey.app; sourceTree = BUILT_PRODUCTS_DIR; };
		F16071BB280954FC0040C219 /* AppDelegate.swift */ = {isa = PBXFileReference; lastKnownFileType = sourcecode.swift; path = AppDelegate.swift; sourceTree = "<group>"; };
		F16071BF280954FC0040C219 /* LoginViewController.swift */ = {isa = PBXFileReference; lastKnownFileType = sourcecode.swift; path = LoginViewController.swift; sourceTree = "<group>"; };
		F16071C4280954FE0040C219 /* Assets.xcassets */ = {isa = PBXFileReference; lastKnownFileType = folder.assetcatalog; path = Assets.xcassets; sourceTree = "<group>"; };
		F16071C7280954FE0040C219 /* Base */ = {isa = PBXFileReference; lastKnownFileType = file.storyboard; name = Base; path = Base.lproj/LaunchScreen.storyboard; sourceTree = "<group>"; };
		F16071C9280954FE0040C219 /* Info.plist */ = {isa = PBXFileReference; lastKnownFileType = text.plist.xml; path = Info.plist; sourceTree = "<group>"; };
		F16071D2280958FF0040C219 /* LoginView.swift */ = {isa = PBXFileReference; lastKnownFileType = sourcecode.swift; path = LoginView.swift; sourceTree = "<group>"; };
		F1DC7DB1280ED10A0055B9FE /* AccountSummaryHeaderView.xib */ = {isa = PBXFileReference; lastKnownFileType = file.xib; path = AccountSummaryHeaderView.xib; sourceTree = "<group>"; };
/* End PBXFileReference section */

/* Begin PBXFrameworksBuildPhase section */
		F16071B5280954FC0040C219 /* Frameworks */ = {
			isa = PBXFrameworksBuildPhase;
			buildActionMask = 2147483647;
			files = (
			);
			runOnlyForDeploymentPostprocessing = 0;
		};
/* End PBXFrameworksBuildPhase section */

/* Begin PBXGroup section */
		F129C631280E935D00EA7581 /* Util */ = {
			isa = PBXGroup;
			children = (
				F129C632280E938200EA7581 /* LocalState.swift */,
				F129C636280E9DAE00EA7581 /* UIViewController+Utils.swift */,
			);
			name = Util;
			sourceTree = "<group>";
		};
		F129C63A280EC47E00EA7581 /* AccountSummary */ = {
			isa = PBXGroup;
			children = (
				F129C63B280EC4B400EA7581 /* AccountSummaryViewController.swift */,
				F129C63D280ECC3F00EA7581 /* AccountSummaryHeaderView.swift */,
				F1DC7DB1280ED10A0055B9FE /* AccountSummaryHeaderView.xib */,
			);
			name = AccountSummary;
			sourceTree = "<group>";
		};
		F13213CB280D4A3D0082D7F0 /* Onboarding */ = {
			isa = PBXGroup;
			children = (
				F13213CC280D4A890082D7F0 /* OnBoardingContainerViewController.swift */,
				F13213CE280D51CB0082D7F0 /* OnboardingViewController.swift */,
			);
			name = Onboarding;
			sourceTree = "<group>";
		};
		F16071AF280954FC0040C219 = {
			isa = PBXGroup;
			children = (
				F16071BA280954FC0040C219 /* Bankey */,
				F16071B9280954FC0040C219 /* Products */,
			);
			sourceTree = "<group>";
		};
		F16071B9280954FC0040C219 /* Products */ = {
			isa = PBXGroup;
			children = (
				F16071B8280954FC0040C219 /* Bankey.app */,
			);
			name = Products;
			sourceTree = "<group>";
		};
		F16071BA280954FC0040C219 /* Bankey */ = {
			isa = PBXGroup;
			children = (
				F129C638280E9FDF00EA7581 /* MainViewController.swift */,
				F16071BB280954FC0040C219 /* AppDelegate.swift */,
				F16071D1280958D90040C219 /* Login */,
				F13213CB280D4A3D0082D7F0 /* Onboarding */,
				F129C63A280EC47E00EA7581 /* AccountSummary */,
				F129C631280E935D00EA7581 /* Util */,
				F16071CF280958810040C219 /* Files */,
			);
			path = Bankey;
			sourceTree = "<group>";
		};
		F16071CF280958810040C219 /* Files */ = {
			isa = PBXGroup;
			children = (
				F16071C4280954FE0040C219 /* Assets.xcassets */,
				F16071C6280954FE0040C219 /* LaunchScreen.storyboard */,
				F16071C9280954FE0040C219 /* Info.plist */,
			);
			name = Files;
			sourceTree = "<group>";
		};
		F16071D1280958D90040C219 /* Login */ = {
			isa = PBXGroup;
			children = (
				F16071BF280954FC0040C219 /* LoginViewController.swift */,
				F16071D2280958FF0040C219 /* LoginView.swift */,
				F129C634280E93A200EA7581 /* DummyViewController.swift */,
			);
			name = Login;
			sourceTree = "<group>";
		};
/* End PBXGroup section */

/* Begin PBXNativeTarget section */
		F16071B7280954FC0040C219 /* Bankey */ = {
			isa = PBXNativeTarget;
			buildConfigurationList = F16071CC280954FE0040C219 /* Build configuration list for PBXNativeTarget "Bankey" */;
			buildPhases = (
				F16071B4280954FC0040C219 /* Sources */,
				F16071B5280954FC0040C219 /* Frameworks */,
				F16071B6280954FC0040C219 /* Resources */,
			);
			buildRules = (
			);
			dependencies = (
			);
			name = Bankey;
			productName = Bankey;
			productReference = F16071B8280954FC0040C219 /* Bankey.app */;
			productType = "com.apple.product-type.application";
		};
/* End PBXNativeTarget section */

/* Begin PBXProject section */
		F16071B0280954FC0040C219 /* Project object */ = {
			isa = PBXProject;
			attributes = {
				BuildIndependentTargetsInParallel = 1;
				LastSwiftUpdateCheck = 1320;
				LastUpgradeCheck = 1320;
				TargetAttributes = {
					F16071B7280954FC0040C219 = {
						CreatedOnToolsVersion = 13.2.1;
					};
				};
			};
			buildConfigurationList = F16071B3280954FC0040C219 /* Build configuration list for PBXProject "Bankey" */;
			compatibilityVersion = "Xcode 13.0";
			developmentRegion = en;
			hasScannedForEncodings = 0;
			knownRegions = (
				en,
				Base,
			);
			mainGroup = F16071AF280954FC0040C219;
			productRefGroup = F16071B9280954FC0040C219 /* Products */;
			projectDirPath = "";
			projectRoot = "";
			targets = (
				F16071B7280954FC0040C219 /* Bankey */,
			);
		};
/* End PBXProject section */

/* Begin PBXResourcesBuildPhase section */
		F16071B6280954FC0040C219 /* Resources */ = {
			isa = PBXResourcesBuildPhase;
			buildActionMask = 2147483647;
			files = (
				F1DC7DB2280ED10A0055B9FE /* AccountSummaryHeaderView.xib in Resources */,
				F16071C8280954FE0040C219 /* LaunchScreen.storyboard in Resources */,
				F16071C5280954FE0040C219 /* Assets.xcassets in Resources */,
			);
			runOnlyForDeploymentPostprocessing = 0;
		};
/* End PBXResourcesBuildPhase section */

/* Begin PBXSourcesBuildPhase section */
		F16071B4280954FC0040C219 /* Sources */ = {
			isa = PBXSourcesBuildPhase;
			buildActionMask = 2147483647;
			files = (
				F129C637280E9DAE00EA7581 /* UIViewController+Utils.swift in Sources */,
				F129C635280E93A200EA7581 /* DummyViewController.swift in Sources */,
				F16071D3280958FF0040C219 /* LoginView.swift in Sources */,
				F129C63E280ECC3F00EA7581 /* AccountSummaryHeaderView.swift in Sources */,
				F129C633280E938200EA7581 /* LocalState.swift in Sources */,
				F16071C0280954FC0040C219 /* LoginViewController.swift in Sources */,
				F13213CF280D51CB0082D7F0 /* OnboardingViewController.swift in Sources */,
				F129C639280E9FDF00EA7581 /* MainViewController.swift in Sources */,
				F129C63C280EC4B400EA7581 /* AccountSummaryViewController.swift in Sources */,
				F16071BC280954FC0040C219 /* AppDelegate.swift in Sources */,
				F13213CD280D4A890082D7F0 /* OnBoardingContainerViewController.swift in Sources */,
			);
			runOnlyForDeploymentPostprocessing = 0;
		};
/* End PBXSourcesBuildPhase section */

/* Begin PBXVariantGroup section */
		F16071C6280954FE0040C219 /* LaunchScreen.storyboard */ = {
			isa = PBXVariantGroup;
			children = (
				F16071C7280954FE0040C219 /* Base */,
			);
			name = LaunchScreen.storyboard;
			sourceTree = "<group>";
		};
/* End PBXVariantGroup section */

/* Begin XCBuildConfiguration section */
		F16071CA280954FE0040C219 /* Debug */ = {
			isa = XCBuildConfiguration;
			buildSettings = {
				ALWAYS_SEARCH_USER_PATHS = NO;
				CLANG_ANALYZER_NONNULL = YES;
				CLANG_ANALYZER_NUMBER_OBJECT_CONVERSION = YES_AGGRESSIVE;
				CLANG_CXX_LANGUAGE_STANDARD = "gnu++17";
				CLANG_CXX_LIBRARY = "libc++";
				CLANG_ENABLE_MODULES = YES;
				CLANG_ENABLE_OBJC_ARC = YES;
				CLANG_ENABLE_OBJC_WEAK = YES;
				CLANG_WARN_BLOCK_CAPTURE_AUTORELEASING = YES;
				CLANG_WARN_BOOL_CONVERSION = YES;
				CLANG_WARN_COMMA = YES;
				CLANG_WARN_CONSTANT_CONVERSION = YES;
				CLANG_WARN_DEPRECATED_OBJC_IMPLEMENTATIONS = YES;
				CLANG_WARN_DIRECT_OBJC_ISA_USAGE = YES_ERROR;
				CLANG_WARN_DOCUMENTATION_COMMENTS = YES;
				CLANG_WARN_EMPTY_BODY = YES;
				CLANG_WARN_ENUM_CONVERSION = YES;
				CLANG_WARN_INFINITE_RECURSION = YES;
				CLANG_WARN_INT_CONVERSION = YES;
				CLANG_WARN_NON_LITERAL_NULL_CONVERSION = YES;
				CLANG_WARN_OBJC_IMPLICIT_RETAIN_SELF = YES;
				CLANG_WARN_OBJC_LITERAL_CONVERSION = YES;
				CLANG_WARN_OBJC_ROOT_CLASS = YES_ERROR;
				CLANG_WARN_QUOTED_INCLUDE_IN_FRAMEWORK_HEADER = YES;
				CLANG_WARN_RANGE_LOOP_ANALYSIS = YES;
				CLANG_WARN_STRICT_PROTOTYPES = YES;
				CLANG_WARN_SUSPICIOUS_MOVE = YES;
				CLANG_WARN_UNGUARDED_AVAILABILITY = YES_AGGRESSIVE;
				CLANG_WARN_UNREACHABLE_CODE = YES;
				CLANG_WARN__DUPLICATE_METHOD_MATCH = YES;
				COPY_PHASE_STRIP = NO;
				DEBUG_INFORMATION_FORMAT = dwarf;
				ENABLE_STRICT_OBJC_MSGSEND = YES;
				ENABLE_TESTABILITY = YES;
				GCC_C_LANGUAGE_STANDARD = gnu11;
				GCC_DYNAMIC_NO_PIC = NO;
				GCC_NO_COMMON_BLOCKS = YES;
				GCC_OPTIMIZATION_LEVEL = 0;
				GCC_PREPROCESSOR_DEFINITIONS = (
					"DEBUG=1",
					"$(inherited)",
				);
				GCC_WARN_64_TO_32_BIT_CONVERSION = YES;
				GCC_WARN_ABOUT_RETURN_TYPE = YES_ERROR;
				GCC_WARN_UNDECLARED_SELECTOR = YES;
				GCC_WARN_UNINITIALIZED_AUTOS = YES_AGGRESSIVE;
				GCC_WARN_UNUSED_FUNCTION = YES;
				GCC_WARN_UNUSED_VARIABLE = YES;
				IPHONEOS_DEPLOYMENT_TARGET = 15.2;
				MTL_ENABLE_DEBUG_INFO = INCLUDE_SOURCE;
				MTL_FAST_MATH = YES;
				ONLY_ACTIVE_ARCH = YES;
				SDKROOT = iphoneos;
				SWIFT_ACTIVE_COMPILATION_CONDITIONS = DEBUG;
				SWIFT_OPTIMIZATION_LEVEL = "-Onone";
			};
			name = Debug;
		};
		F16071CB280954FE0040C219 /* Release */ = {
			isa = XCBuildConfiguration;
			buildSettings = {
				ALWAYS_SEARCH_USER_PATHS = NO;
				CLANG_ANALYZER_NONNULL = YES;
				CLANG_ANALYZER_NUMBER_OBJECT_CONVERSION = YES_AGGRESSIVE;
				CLANG_CXX_LANGUAGE_STANDARD = "gnu++17";
				CLANG_CXX_LIBRARY = "libc++";
				CLANG_ENABLE_MODULES = YES;
				CLANG_ENABLE_OBJC_ARC = YES;
				CLANG_ENABLE_OBJC_WEAK = YES;
				CLANG_WARN_BLOCK_CAPTURE_AUTORELEASING = YES;
				CLANG_WARN_BOOL_CONVERSION = YES;
				CLANG_WARN_COMMA = YES;
				CLANG_WARN_CONSTANT_CONVERSION = YES;
				CLANG_WARN_DEPRECATED_OBJC_IMPLEMENTATIONS = YES;
				CLANG_WARN_DIRECT_OBJC_ISA_USAGE = YES_ERROR;
				CLANG_WARN_DOCUMENTATION_COMMENTS = YES;
				CLANG_WARN_EMPTY_BODY = YES;
				CLANG_WARN_ENUM_CONVERSION = YES;
				CLANG_WARN_INFINITE_RECURSION = YES;
				CLANG_WARN_INT_CONVERSION = YES;
				CLANG_WARN_NON_LITERAL_NULL_CONVERSION = YES;
				CLANG_WARN_OBJC_IMPLICIT_RETAIN_SELF = YES;
				CLANG_WARN_OBJC_LITERAL_CONVERSION = YES;
				CLANG_WARN_OBJC_ROOT_CLASS = YES_ERROR;
				CLANG_WARN_QUOTED_INCLUDE_IN_FRAMEWORK_HEADER = YES;
				CLANG_WARN_RANGE_LOOP_ANALYSIS = YES;
				CLANG_WARN_STRICT_PROTOTYPES = YES;
				CLANG_WARN_SUSPICIOUS_MOVE = YES;
				CLANG_WARN_UNGUARDED_AVAILABILITY = YES_AGGRESSIVE;
				CLANG_WARN_UNREACHABLE_CODE = YES;
				CLANG_WARN__DUPLICATE_METHOD_MATCH = YES;
				COPY_PHASE_STRIP = NO;
				DEBUG_INFORMATION_FORMAT = "dwarf-with-dsym";
				ENABLE_NS_ASSERTIONS = NO;
				ENABLE_STRICT_OBJC_MSGSEND = YES;
				GCC_C_LANGUAGE_STANDARD = gnu11;
				GCC_NO_COMMON_BLOCKS = YES;
				GCC_WARN_64_TO_32_BIT_CONVERSION = YES;
				GCC_WARN_ABOUT_RETURN_TYPE = YES_ERROR;
				GCC_WARN_UNDECLARED_SELECTOR = YES;
				GCC_WARN_UNINITIALIZED_AUTOS = YES_AGGRESSIVE;
				GCC_WARN_UNUSED_FUNCTION = YES;
				GCC_WARN_UNUSED_VARIABLE = YES;
				IPHONEOS_DEPLOYMENT_TARGET = 15.2;
				MTL_ENABLE_DEBUG_INFO = NO;
				MTL_FAST_MATH = YES;
				SDKROOT = iphoneos;
				SWIFT_COMPILATION_MODE = wholemodule;
				SWIFT_OPTIMIZATION_LEVEL = "-O";
				VALIDATE_PRODUCT = YES;
			};
			name = Release;
		};
		F16071CD280954FE0040C219 /* Debug */ = {
			isa = XCBuildConfiguration;
			buildSettings = {
				ASSETCATALOG_COMPILER_APPICON_NAME = AppIcon;
				ASSETCATALOG_COMPILER_GLOBAL_ACCENT_COLOR_NAME = AccentColor;
				CODE_SIGN_STYLE = Automatic;
				CURRENT_PROJECT_VERSION = 1;
				DEVELOPMENT_TEAM = 3S8XD5TTWR;
				GENERATE_INFOPLIST_FILE = YES;
				INFOPLIST_FILE = Bankey/Info.plist;
				INFOPLIST_KEY_UIApplicationSupportsIndirectInputEvents = YES;
				INFOPLIST_KEY_UILaunchStoryboardName = LaunchScreen;
				INFOPLIST_KEY_UISupportedInterfaceOrientations_iPad = "UIInterfaceOrientationPortrait UIInterfaceOrientationPortraitUpsideDown UIInterfaceOrientationLandscapeLeft UIInterfaceOrientationLandscapeRight";
				INFOPLIST_KEY_UISupportedInterfaceOrientations_iPhone = "UIInterfaceOrientationPortrait UIInterfaceOrientationLandscapeLeft UIInterfaceOrientationLandscapeRight";
				LD_RUNPATH_SEARCH_PATHS = (
					"$(inherited)",
					"@executable_path/Frameworks",
				);
				MARKETING_VERSION = 1.0;
				PRODUCT_BUNDLE_IDENTIFIER = com.ajmalorawala.Bankey;
				PRODUCT_NAME = "$(TARGET_NAME)";
				SWIFT_EMIT_LOC_STRINGS = YES;
				SWIFT_VERSION = 5.0;
				TARGETED_DEVICE_FAMILY = "1,2";
			};
			name = Debug;
		};
		F16071CE280954FE0040C219 /* Release */ = {
			isa = XCBuildConfiguration;
			buildSettings = {
				ASSETCATALOG_COMPILER_APPICON_NAME = AppIcon;
				ASSETCATALOG_COMPILER_GLOBAL_ACCENT_COLOR_NAME = AccentColor;
				CODE_SIGN_STYLE = Automatic;
				CURRENT_PROJECT_VERSION = 1;
				DEVELOPMENT_TEAM = 3S8XD5TTWR;
				GENERATE_INFOPLIST_FILE = YES;
				INFOPLIST_FILE = Bankey/Info.plist;
				INFOPLIST_KEY_UIApplicationSupportsIndirectInputEvents = YES;
				INFOPLIST_KEY_UILaunchStoryboardName = LaunchScreen;
				INFOPLIST_KEY_UISupportedInterfaceOrientations_iPad = "UIInterfaceOrientationPortrait UIInterfaceOrientationPortraitUpsideDown UIInterfaceOrientationLandscapeLeft UIInterfaceOrientationLandscapeRight";
				INFOPLIST_KEY_UISupportedInterfaceOrientations_iPhone = "UIInterfaceOrientationPortrait UIInterfaceOrientationLandscapeLeft UIInterfaceOrientationLandscapeRight";
				LD_RUNPATH_SEARCH_PATHS = (
					"$(inherited)",
					"@executable_path/Frameworks",
				);
				MARKETING_VERSION = 1.0;
				PRODUCT_BUNDLE_IDENTIFIER = com.ajmalorawala.Bankey;
				PRODUCT_NAME = "$(TARGET_NAME)";
				SWIFT_EMIT_LOC_STRINGS = YES;
				SWIFT_VERSION = 5.0;
				TARGETED_DEVICE_FAMILY = "1,2";
			};
			name = Release;
		};
/* End XCBuildConfiguration section */

/* Begin XCConfigurationList section */
		F16071B3280954FC0040C219 /* Build configuration list for PBXProject "Bankey" */ = {
			isa = XCConfigurationList;
			buildConfigurations = (
				F16071CA280954FE0040C219 /* Debug */,
				F16071CB280954FE0040C219 /* Release */,
			);
			defaultConfigurationIsVisible = 0;
			defaultConfigurationName = Release;
		};
		F16071CC280954FE0040C219 /* Build configuration list for PBXNativeTarget "Bankey" */ = {
			isa = XCConfigurationList;
			buildConfigurations = (
				F16071CD280954FE0040C219 /* Debug */,
				F16071CE280954FE0040C219 /* Release */,
			);
			defaultConfigurationIsVisible = 0;
			defaultConfigurationName = Release;
		};
/* End XCConfigurationList section */
	};
	rootObject = F16071B0280954FC0040C219 /* Project object */;
}
